// !$*UTF8*$!
{
	archiveVersion = 1;
	classes = {
	};
	objectVersion = 51;
	objects = {

/* Begin PBXBuildFile section */
		A7AAE4EA26137AA80086CAA1 /* AppDelegate.swift in Sources */ = {isa = PBXBuildFile; fileRef = A7AAE4E926137AA80086CAA1 /* AppDelegate.swift */; };
		A7AAE4EC26137AA80086CAA1 /* SceneDelegate.swift in Sources */ = {isa = PBXBuildFile; fileRef = A7AAE4EB26137AA80086CAA1 /* SceneDelegate.swift */; };
		A7AAE4F126137AA80086CAA1 /* Main.storyboard in Resources */ = {isa = PBXBuildFile; fileRef = A7AAE4EF26137AA80086CAA1 /* Main.storyboard */; };
		A7AAE4F326137AAB0086CAA1 /* Assets.xcassets in Resources */ = {isa = PBXBuildFile; fileRef = A7AAE4F226137AAB0086CAA1 /* Assets.xcassets */; };
		A7AAE4F626137AAB0086CAA1 /* LaunchScreen.storyboard in Resources */ = {isa = PBXBuildFile; fileRef = A7AAE4F426137AAB0086CAA1 /* LaunchScreen.storyboard */; };
		A7AAE52E261380C50086CAA1 /* MerchantsViewController.swift in Sources */ = {isa = PBXBuildFile; fileRef = A7AAE52D261380C50086CAA1 /* MerchantsViewController.swift */; };
		A7AAE5322613810D0086CAA1 /* BaseViewController.swift in Sources */ = {isa = PBXBuildFile; fileRef = A7AAE5312613810D0086CAA1 /* BaseViewController.swift */; };
		A7AAE547261384E80086CAA1 /* UICollectionViewExtension.swift in Sources */ = {isa = PBXBuildFile; fileRef = A7AAE546261384E80086CAA1 /* UICollectionViewExtension.swift */; };
		A7AAE54A2613864F0086CAA1 /* Dimension.swift in Sources */ = {isa = PBXBuildFile; fileRef = A7AAE5492613864F0086CAA1 /* Dimension.swift */; };
		A7AAE54E2613877F0086CAA1 /* TextManager.swift in Sources */ = {isa = PBXBuildFile; fileRef = A7AAE54D2613877F0086CAA1 /* TextManager.swift */; };
		A7AAE552261388820086CAA1 /* MerchantItemCollectionViewCell.swift in Sources */ = {isa = PBXBuildFile; fileRef = A7AAE551261388820086CAA1 /* MerchantItemCollectionViewCell.swift */; };
		A7AAE555261388F50086CAA1 /* BaseCollectionViewCell.swift in Sources */ = {isa = PBXBuildFile; fileRef = A7AAE554261388F50086CAA1 /* BaseCollectionViewCell.swift */; };
		A7AAE5582613942E0086CAA1 /* ServicesViewController.swift in Sources */ = {isa = PBXBuildFile; fileRef = A7AAE5572613942E0086CAA1 /* ServicesViewController.swift */; };
		A7AAE55B2613943C0086CAA1 /* MainViewController.swift in Sources */ = {isa = PBXBuildFile; fileRef = A7AAE55A2613943C0086CAA1 /* MainViewController.swift */; };
		A7AAE5672613995D0086CAA1 /* ServiceItemCollectionViewCell.swift in Sources */ = {isa = PBXBuildFile; fileRef = A7AAE5662613995D0086CAA1 /* ServiceItemCollectionViewCell.swift */; };
		A7AAE56A26139A0E0086CAA1 /* Router.swift in Sources */ = {isa = PBXBuildFile; fileRef = A7AAE56926139A0E0086CAA1 /* Router.swift */; };
		A7AAE57726139AA20086CAA1 /* Logging.swift in Sources */ = {isa = PBXBuildFile; fileRef = A7AAE57626139AA20086CAA1 /* Logging.swift */; };
		A7AAE57F26139B400086CAA1 /* ServicesRoute.swift in Sources */ = {isa = PBXBuildFile; fileRef = A7AAE57E26139B400086CAA1 /* ServicesRoute.swift */; };
		A7AAE58226139C140086CAA1 /* Merchant.swift in Sources */ = {isa = PBXBuildFile; fileRef = A7AAE58126139C140086CAA1 /* Merchant.swift */; };
		A7AAE5852613B1210086CAA1 /* CategoryItemCollectionViewCell.swift in Sources */ = {isa = PBXBuildFile; fileRef = A7AAE5842613B1210086CAA1 /* CategoryItemCollectionViewCell.swift */; };
		A7AAE5892613B1FD0086CAA1 /* CategoryCustomView.swift in Sources */ = {isa = PBXBuildFile; fileRef = A7AAE5882613B1FD0086CAA1 /* CategoryCustomView.swift */; };
		A7AAE59B2613C5180086CAA1 /* Services.swift in Sources */ = {isa = PBXBuildFile; fileRef = A7AAE59A2613C5180086CAA1 /* Services.swift */; };
		A7AAE59F2613C5CA0086CAA1 /* StaffsViewController.swift in Sources */ = {isa = PBXBuildFile; fileRef = A7AAE59E2613C5CA0086CAA1 /* StaffsViewController.swift */; };
		A7AAE5A22613D5CE0086CAA1 /* StaffCollectionViewCell.swift in Sources */ = {isa = PBXBuildFile; fileRef = A7AAE5A12613D5CE0086CAA1 /* StaffCollectionViewCell.swift */; };
		A7AAE5A62613DCD60086CAA1 /* ScheduleApptViewController.swift in Sources */ = {isa = PBXBuildFile; fileRef = A7AAE5A52613DCD60086CAA1 /* ScheduleApptViewController.swift */; };
		A7AAE5A92613DD6C0086CAA1 /* ScheduleRoute.swift in Sources */ = {isa = PBXBuildFile; fileRef = A7AAE5A82613DD6C0086CAA1 /* ScheduleRoute.swift */; };
		D37060D9AD31991A24DFFE05 /* Pods_FBBooking.framework in Frameworks */ = {isa = PBXBuildFile; fileRef = 3A3D36CF0955D32876DEE04F /* Pods_FBBooking.framework */; };
/* End PBXBuildFile section */

/* Begin PBXFileReference section */
		07173EBA80428CFC46E9D659 /* Pods-FBBooking.debug.xcconfig */ = {isa = PBXFileReference; includeInIndex = 1; lastKnownFileType = text.xcconfig; name = "Pods-FBBooking.debug.xcconfig"; path = "Target Support Files/Pods-FBBooking/Pods-FBBooking.debug.xcconfig"; sourceTree = "<group>"; };
		3A3D36CF0955D32876DEE04F /* Pods_FBBooking.framework */ = {isa = PBXFileReference; explicitFileType = wrapper.framework; includeInIndex = 0; path = Pods_FBBooking.framework; sourceTree = BUILT_PRODUCTS_DIR; };
		9F0170830F38AE820460095D /* Pods-FBBooking.release.xcconfig */ = {isa = PBXFileReference; includeInIndex = 1; lastKnownFileType = text.xcconfig; name = "Pods-FBBooking.release.xcconfig"; path = "Target Support Files/Pods-FBBooking/Pods-FBBooking.release.xcconfig"; sourceTree = "<group>"; };
		A7AAE4E626137AA80086CAA1 /* FBBooking.app */ = {isa = PBXFileReference; explicitFileType = wrapper.application; includeInIndex = 0; path = FBBooking.app; sourceTree = BUILT_PRODUCTS_DIR; };
		A7AAE4E926137AA80086CAA1 /* AppDelegate.swift */ = {isa = PBXFileReference; lastKnownFileType = sourcecode.swift; path = AppDelegate.swift; sourceTree = "<group>"; };
		A7AAE4EB26137AA80086CAA1 /* SceneDelegate.swift */ = {isa = PBXFileReference; lastKnownFileType = sourcecode.swift; path = SceneDelegate.swift; sourceTree = "<group>"; };
		A7AAE4F026137AA80086CAA1 /* Base */ = {isa = PBXFileReference; lastKnownFileType = file.storyboard; name = Base; path = Base.lproj/Main.storyboard; sourceTree = "<group>"; };
		A7AAE4F226137AAB0086CAA1 /* Assets.xcassets */ = {isa = PBXFileReference; lastKnownFileType = folder.assetcatalog; path = Assets.xcassets; sourceTree = "<group>"; };
		A7AAE4F526137AAB0086CAA1 /* Base */ = {isa = PBXFileReference; lastKnownFileType = file.storyboard; name = Base; path = Base.lproj/LaunchScreen.storyboard; sourceTree = "<group>"; };
		A7AAE4F726137AAB0086CAA1 /* Info.plist */ = {isa = PBXFileReference; lastKnownFileType = text.plist.xml; path = Info.plist; sourceTree = "<group>"; };
		A7AAE52D261380C50086CAA1 /* MerchantsViewController.swift */ = {isa = PBXFileReference; lastKnownFileType = sourcecode.swift; path = MerchantsViewController.swift; sourceTree = "<group>"; };
		A7AAE5312613810D0086CAA1 /* BaseViewController.swift */ = {isa = PBXFileReference; lastKnownFileType = sourcecode.swift; path = BaseViewController.swift; sourceTree = "<group>"; };
		A7AAE546261384E80086CAA1 /* UICollectionViewExtension.swift */ = {isa = PBXFileReference; lastKnownFileType = sourcecode.swift; path = UICollectionViewExtension.swift; sourceTree = "<group>"; };
		A7AAE5492613864F0086CAA1 /* Dimension.swift */ = {isa = PBXFileReference; lastKnownFileType = sourcecode.swift; path = Dimension.swift; sourceTree = "<group>"; };
		A7AAE54D2613877F0086CAA1 /* TextManager.swift */ = {isa = PBXFileReference; lastKnownFileType = sourcecode.swift; path = TextManager.swift; sourceTree = "<group>"; };
		A7AAE551261388820086CAA1 /* MerchantItemCollectionViewCell.swift */ = {isa = PBXFileReference; lastKnownFileType = sourcecode.swift; path = MerchantItemCollectionViewCell.swift; sourceTree = "<group>"; };
		A7AAE554261388F50086CAA1 /* BaseCollectionViewCell.swift */ = {isa = PBXFileReference; lastKnownFileType = sourcecode.swift; path = BaseCollectionViewCell.swift; sourceTree = "<group>"; };
		A7AAE5572613942E0086CAA1 /* ServicesViewController.swift */ = {isa = PBXFileReference; lastKnownFileType = sourcecode.swift; path = ServicesViewController.swift; sourceTree = "<group>"; };
		A7AAE55A2613943C0086CAA1 /* MainViewController.swift */ = {isa = PBXFileReference; lastKnownFileType = sourcecode.swift; path = MainViewController.swift; sourceTree = "<group>"; };
		A7AAE5662613995D0086CAA1 /* ServiceItemCollectionViewCell.swift */ = {isa = PBXFileReference; lastKnownFileType = sourcecode.swift; path = ServiceItemCollectionViewCell.swift; sourceTree = "<group>"; };
		A7AAE56926139A0E0086CAA1 /* Router.swift */ = {isa = PBXFileReference; lastKnownFileType = sourcecode.swift; path = Router.swift; sourceTree = "<group>"; };
		A7AAE57626139AA20086CAA1 /* Logging.swift */ = {isa = PBXFileReference; lastKnownFileType = sourcecode.swift; path = Logging.swift; sourceTree = "<group>"; };
		A7AAE57E26139B400086CAA1 /* ServicesRoute.swift */ = {isa = PBXFileReference; lastKnownFileType = sourcecode.swift; path = ServicesRoute.swift; sourceTree = "<group>"; };
		A7AAE58126139C140086CAA1 /* Merchant.swift */ = {isa = PBXFileReference; lastKnownFileType = sourcecode.swift; path = Merchant.swift; sourceTree = "<group>"; };
		A7AAE5842613B1210086CAA1 /* CategoryItemCollectionViewCell.swift */ = {isa = PBXFileReference; lastKnownFileType = sourcecode.swift; path = CategoryItemCollectionViewCell.swift; sourceTree = "<group>"; };
		A7AAE5882613B1FD0086CAA1 /* CategoryCustomView.swift */ = {isa = PBXFileReference; lastKnownFileType = sourcecode.swift; path = CategoryCustomView.swift; sourceTree = "<group>"; };
		A7AAE59A2613C5180086CAA1 /* Services.swift */ = {isa = PBXFileReference; lastKnownFileType = sourcecode.swift; path = Services.swift; sourceTree = "<group>"; };
		A7AAE59E2613C5CA0086CAA1 /* StaffsViewController.swift */ = {isa = PBXFileReference; lastKnownFileType = sourcecode.swift; path = StaffsViewController.swift; sourceTree = "<group>"; };
		A7AAE5A12613D5CE0086CAA1 /* StaffCollectionViewCell.swift */ = {isa = PBXFileReference; lastKnownFileType = sourcecode.swift; path = StaffCollectionViewCell.swift; sourceTree = "<group>"; };
		A7AAE5A52613DCD60086CAA1 /* ScheduleApptViewController.swift */ = {isa = PBXFileReference; lastKnownFileType = sourcecode.swift; path = ScheduleApptViewController.swift; sourceTree = "<group>"; };
		A7AAE5A82613DD6C0086CAA1 /* ScheduleRoute.swift */ = {isa = PBXFileReference; lastKnownFileType = sourcecode.swift; path = ScheduleRoute.swift; sourceTree = "<group>"; };
/* End PBXFileReference section */

/* Begin PBXFrameworksBuildPhase section */
		A7AAE4E326137AA70086CAA1 /* Frameworks */ = {
			isa = PBXFrameworksBuildPhase;
			buildActionMask = 2147483647;
			files = (
				D37060D9AD31991A24DFFE05 /* Pods_FBBooking.framework in Frameworks */,
			);
			runOnlyForDeploymentPostprocessing = 0;
		};
/* End PBXFrameworksBuildPhase section */

/* Begin PBXGroup section */
		773AC909E2E537959B8CF80D /* Frameworks */ = {
			isa = PBXGroup;
			children = (
				3A3D36CF0955D32876DEE04F /* Pods_FBBooking.framework */,
			);
			name = Frameworks;
			sourceTree = "<group>";
		};
		A7AAE4DD26137AA70086CAA1 = {
			isa = PBXGroup;
			children = (
				A7AAE4E826137AA80086CAA1 /* FBBooking */,
				A7AAE4E726137AA80086CAA1 /* Products */,
				D1015E163EAAE18B845D9BD9 /* Pods */,
				773AC909E2E537959B8CF80D /* Frameworks */,
			);
			sourceTree = "<group>";
		};
		A7AAE4E726137AA80086CAA1 /* Products */ = {
			isa = PBXGroup;
			children = (
				A7AAE4E626137AA80086CAA1 /* FBBooking.app */,
			);
			name = Products;
			sourceTree = "<group>";
		};
		A7AAE4E826137AA80086CAA1 /* FBBooking */ = {
			isa = PBXGroup;
			children = (
				A7AAE5872613B1D80086CAA1 /* Customize */,
				A7AAE550261388580086CAA1 /* Cells */,
				A7AAE54C2613876A0086CAA1 /* Managers */,
				A7AAE545261384C40086CAA1 /* Extension */,
				A7AAE530261380F80086CAA1 /* Base */,
				A7AAE50E26137E4C0086CAA1 /* ViewController */,
				A7AAE50D26137E0E0086CAA1 /* ViewModel */,
				A7AAE50C26137DFB0086CAA1 /* Services */,
				A7AAE50A26137DE10086CAA1 /* Models */,
				A7AAE4E926137AA80086CAA1 /* AppDelegate.swift */,
				A7AAE4EB26137AA80086CAA1 /* SceneDelegate.swift */,
				A7AAE4EF26137AA80086CAA1 /* Main.storyboard */,
				A7AAE4F226137AAB0086CAA1 /* Assets.xcassets */,
				A7AAE4F426137AAB0086CAA1 /* LaunchScreen.storyboard */,
				A7AAE4F726137AAB0086CAA1 /* Info.plist */,
			);
			path = FBBooking;
			sourceTree = "<group>";
		};
		A7AAE50A26137DE10086CAA1 /* Models */ = {
			isa = PBXGroup;
			children = (
				A7AAE58126139C140086CAA1 /* Merchant.swift */,
				A7AAE59A2613C5180086CAA1 /* Services.swift */,
			);
			path = Models;
			sourceTree = "<group>";
		};
		A7AAE50C26137DFB0086CAA1 /* Services */ = {
			isa = PBXGroup;
			children = (
			);
			path = Services;
			sourceTree = "<group>";
		};
		A7AAE50D26137E0E0086CAA1 /* ViewModel */ = {
			isa = PBXGroup;
			children = (
			);
			path = ViewModel;
			sourceTree = "<group>";
		};
		A7AAE50E26137E4C0086CAA1 /* ViewController */ = {
			isa = PBXGroup;
			children = (
				A7AAE5A42613DCB40086CAA1 /* Schedule Appointment */,
				A7AAE59D2613C5B00086CAA1 /* Staffs */,
				A7AAE57B26139B2B0086CAA1 /* Services */,
				A7AAE57926139B190086CAA1 /* Merchant */,
				A7AAE55A2613943C0086CAA1 /* MainViewController.swift */,
			);
			path = ViewController;
			sourceTree = "<group>";
		};
		A7AAE530261380F80086CAA1 /* Base */ = {
			isa = PBXGroup;
			children = (
				A7AAE5312613810D0086CAA1 /* BaseViewController.swift */,
				A7AAE5492613864F0086CAA1 /* Dimension.swift */,
				A7AAE554261388F50086CAA1 /* BaseCollectionViewCell.swift */,
				A7AAE56926139A0E0086CAA1 /* Router.swift */,
				A7AAE57626139AA20086CAA1 /* Logging.swift */,
			);
			path = Base;
			sourceTree = "<group>";
		};
		A7AAE545261384C40086CAA1 /* Extension */ = {
			isa = PBXGroup;
			children = (
				A7AAE546261384E80086CAA1 /* UICollectionViewExtension.swift */,
			);
			path = Extension;
			sourceTree = "<group>";
		};
		A7AAE54C2613876A0086CAA1 /* Managers */ = {
			isa = PBXGroup;
			children = (
				A7AAE54D2613877F0086CAA1 /* TextManager.swift */,
			);
			path = Managers;
			sourceTree = "<group>";
		};
		A7AAE550261388580086CAA1 /* Cells */ = {
			isa = PBXGroup;
			children = (
				A7AAE551261388820086CAA1 /* MerchantItemCollectionViewCell.swift */,
				A7AAE5662613995D0086CAA1 /* ServiceItemCollectionViewCell.swift */,
				A7AAE5842613B1210086CAA1 /* CategoryItemCollectionViewCell.swift */,
				A7AAE5A12613D5CE0086CAA1 /* StaffCollectionViewCell.swift */,
			);
			path = Cells;
			sourceTree = "<group>";
		};
		A7AAE57926139B190086CAA1 /* Merchant */ = {
			isa = PBXGroup;
			children = (
				A7AAE52D261380C50086CAA1 /* MerchantsViewController.swift */,
			);
			path = Merchant;
			sourceTree = "<group>";
		};
		A7AAE57B26139B2B0086CAA1 /* Services */ = {
			isa = PBXGroup;
			children = (
				A7AAE5572613942E0086CAA1 /* ServicesViewController.swift */,
				A7AAE57E26139B400086CAA1 /* ServicesRoute.swift */,
			);
			path = Services;
			sourceTree = "<group>";
		};
		A7AAE5872613B1D80086CAA1 /* Customize */ = {
			isa = PBXGroup;
			children = (
				A7AAE5882613B1FD0086CAA1 /* CategoryCustomView.swift */,
			);
			path = Customize;
			sourceTree = "<group>";
		};
		A7AAE59D2613C5B00086CAA1 /* Staffs */ = {
			isa = PBXGroup;
			children = (
				A7AAE59E2613C5CA0086CAA1 /* StaffsViewController.swift */,
			);
			path = Staffs;
			sourceTree = "<group>";
		};
		A7AAE5A42613DCB40086CAA1 /* Schedule Appointment */ = {
			isa = PBXGroup;
			children = (
				A7AAE5A52613DCD60086CAA1 /* ScheduleApptViewController.swift */,
				A7AAE5A82613DD6C0086CAA1 /* ScheduleRoute.swift */,
			);
			path = "Schedule Appointment";
			sourceTree = "<group>";
		};
		D1015E163EAAE18B845D9BD9 /* Pods */ = {
			isa = PBXGroup;
			children = (
				07173EBA80428CFC46E9D659 /* Pods-FBBooking.debug.xcconfig */,
				9F0170830F38AE820460095D /* Pods-FBBooking.release.xcconfig */,
			);
			path = Pods;
			sourceTree = "<group>";
		};
/* End PBXGroup section */

/* Begin PBXNativeTarget section */
		A7AAE4E526137AA70086CAA1 /* FBBooking */ = {
			isa = PBXNativeTarget;
			buildConfigurationList = A7AAE4FA26137AAB0086CAA1 /* Build configuration list for PBXNativeTarget "FBBooking" */;
			buildPhases = (
				463F1842B210099490737680 /* [CP] Check Pods Manifest.lock */,
				A7AAE4E226137AA70086CAA1 /* Sources */,
				A7AAE4E326137AA70086CAA1 /* Frameworks */,
				A7AAE4E426137AA70086CAA1 /* Resources */,
				DC0CEB92C6687582B23C8315 /* [CP] Embed Pods Frameworks */,
			);
			buildRules = (
			);
			dependencies = (
			);
			name = FBBooking;
			productName = FBBooking;
			productReference = A7AAE4E626137AA80086CAA1 /* FBBooking.app */;
			productType = "com.apple.product-type.application";
		};
/* End PBXNativeTarget section */

/* Begin PBXProject section */
		A7AAE4DE26137AA70086CAA1 /* Project object */ = {
			isa = PBXProject;
			attributes = {
				LastSwiftUpdateCheck = 1200;
				LastUpgradeCheck = 1200;
				TargetAttributes = {
					A7AAE4E526137AA70086CAA1 = {
						CreatedOnToolsVersion = 12.0.1;
					};
				};
			};
			buildConfigurationList = A7AAE4E126137AA70086CAA1 /* Build configuration list for PBXProject "FBBooking" */;
			compatibilityVersion = "Xcode 9.3";
			developmentRegion = en;
			hasScannedForEncodings = 0;
			knownRegions = (
				en,
				Base,
			);
			mainGroup = A7AAE4DD26137AA70086CAA1;
			productRefGroup = A7AAE4E726137AA80086CAA1 /* Products */;
			projectDirPath = "";
			projectRoot = "";
			targets = (
				A7AAE4E526137AA70086CAA1 /* FBBooking */,
			);
		};
/* End PBXProject section */

/* Begin PBXResourcesBuildPhase section */
		A7AAE4E426137AA70086CAA1 /* Resources */ = {
			isa = PBXResourcesBuildPhase;
			buildActionMask = 2147483647;
			files = (
				A7AAE4F626137AAB0086CAA1 /* LaunchScreen.storyboard in Resources */,
				A7AAE4F326137AAB0086CAA1 /* Assets.xcassets in Resources */,
				A7AAE4F126137AA80086CAA1 /* Main.storyboard in Resources */,
			);
			runOnlyForDeploymentPostprocessing = 0;
		};
/* End PBXResourcesBuildPhase section */

/* Begin PBXShellScriptBuildPhase section */
		463F1842B210099490737680 /* [CP] Check Pods Manifest.lock */ = {
			isa = PBXShellScriptBuildPhase;
			buildActionMask = 2147483647;
			files = (
			);
			inputFileListPaths = (
			);
			inputPaths = (
				"${PODS_PODFILE_DIR_PATH}/Podfile.lock",
				"${PODS_ROOT}/Manifest.lock",
			);
			name = "[CP] Check Pods Manifest.lock";
			outputFileListPaths = (
			);
			outputPaths = (
				"$(DERIVED_FILE_DIR)/Pods-FBBooking-checkManifestLockResult.txt",
			);
			runOnlyForDeploymentPostprocessing = 0;
			shellPath = /bin/sh;
			shellScript = "diff \"${PODS_PODFILE_DIR_PATH}/Podfile.lock\" \"${PODS_ROOT}/Manifest.lock\" > /dev/null\nif [ $? != 0 ] ; then\n    # print error to STDERR\n    echo \"error: The sandbox is not in sync with the Podfile.lock. Run 'pod install' or update your CocoaPods installation.\" >&2\n    exit 1\nfi\n# This output is used by Xcode 'outputs' to avoid re-running this script phase.\necho \"SUCCESS\" > \"${SCRIPT_OUTPUT_FILE_0}\"\n";
			showEnvVarsInLog = 0;
		};
		DC0CEB92C6687582B23C8315 /* [CP] Embed Pods Frameworks */ = {
			isa = PBXShellScriptBuildPhase;
			buildActionMask = 2147483647;
			files = (
			);
			inputFileListPaths = (
				"${PODS_ROOT}/Target Support Files/Pods-FBBooking/Pods-FBBooking-frameworks-${CONFIGURATION}-input-files.xcfilelist",
			);
			name = "[CP] Embed Pods Frameworks";
			outputFileListPaths = (
				"${PODS_ROOT}/Target Support Files/Pods-FBBooking/Pods-FBBooking-frameworks-${CONFIGURATION}-output-files.xcfilelist",
			);
			runOnlyForDeploymentPostprocessing = 0;
			shellPath = /bin/sh;
			shellScript = "\"${PODS_ROOT}/Target Support Files/Pods-FBBooking/Pods-FBBooking-frameworks.sh\"\n";
			showEnvVarsInLog = 0;
		};
/* End PBXShellScriptBuildPhase section */

/* Begin PBXSourcesBuildPhase section */
		A7AAE4E226137AA70086CAA1 /* Sources */ = {
			isa = PBXSourcesBuildPhase;
			buildActionMask = 2147483647;
			files = (
				A7AAE5322613810D0086CAA1 /* BaseViewController.swift in Sources */,
				A7AAE55B2613943C0086CAA1 /* MainViewController.swift in Sources */,
				A7AAE52E261380C50086CAA1 /* MerchantsViewController.swift in Sources */,
				A7AAE57726139AA20086CAA1 /* Logging.swift in Sources */,
				A7AAE555261388F50086CAA1 /* BaseCollectionViewCell.swift in Sources */,
				A7AAE54A2613864F0086CAA1 /* Dimension.swift in Sources */,
				A7AAE4EA26137AA80086CAA1 /* AppDelegate.swift in Sources */,
				A7AAE5A22613D5CE0086CAA1 /* StaffCollectionViewCell.swift in Sources */,
				A7AAE5892613B1FD0086CAA1 /* CategoryCustomView.swift in Sources */,
				A7AAE4EC26137AA80086CAA1 /* SceneDelegate.swift in Sources */,
				A7AAE5A62613DCD60086CAA1 /* ScheduleApptViewController.swift in Sources */,
				A7AAE547261384E80086CAA1 /* UICollectionViewExtension.swift in Sources */,
				A7AAE57F26139B400086CAA1 /* ServicesRoute.swift in Sources */,
				A7AAE54E2613877F0086CAA1 /* TextManager.swift in Sources */,
				A7AAE58226139C140086CAA1 /* Merchant.swift in Sources */,
				A7AAE59B2613C5180086CAA1 /* Services.swift in Sources */,
				A7AAE5672613995D0086CAA1 /* ServiceItemCollectionViewCell.swift in Sources */,
				A7AAE5852613B1210086CAA1 /* CategoryItemCollectionViewCell.swift in Sources */,
				A7AAE5582613942E0086CAA1 /* ServicesViewController.swift in Sources */,
				A7AAE5A92613DD6C0086CAA1 /* ScheduleRoute.swift in Sources */,
				A7AAE552261388820086CAA1 /* MerchantItemCollectionViewCell.swift in Sources */,
				A7AAE56A26139A0E0086CAA1 /* Router.swift in Sources */,
				A7AAE59F2613C5CA0086CAA1 /* StaffsViewController.swift in Sources */,
			);
			runOnlyForDeploymentPostprocessing = 0;
		};
/* End PBXSourcesBuildPhase section */

/* Begin PBXVariantGroup section */
		A7AAE4EF26137AA80086CAA1 /* Main.storyboard */ = {
			isa = PBXVariantGroup;
			children = (
				A7AAE4F026137AA80086CAA1 /* Base */,
			);
			name = Main.storyboard;
			sourceTree = "<group>";
		};
		A7AAE4F426137AAB0086CAA1 /* LaunchScreen.storyboard */ = {
			isa = PBXVariantGroup;
			children = (
				A7AAE4F526137AAB0086CAA1 /* Base */,
			);
			name = LaunchScreen.storyboard;
			sourceTree = "<group>";
		};
/* End PBXVariantGroup section */

/* Begin XCBuildConfiguration section */
		A7AAE4F826137AAB0086CAA1 /* Debug */ = {
			isa = XCBuildConfiguration;
			buildSettings = {
				ALWAYS_SEARCH_USER_PATHS = NO;
				CLANG_ANALYZER_NONNULL = YES;
				CLANG_ANALYZER_NUMBER_OBJECT_CONVERSION = YES_AGGRESSIVE;
				CLANG_CXX_LANGUAGE_STANDARD = "gnu++14";
				CLANG_CXX_LIBRARY = "libc++";
				CLANG_ENABLE_MODULES = YES;
				CLANG_ENABLE_OBJC_ARC = YES;
				CLANG_ENABLE_OBJC_WEAK = YES;
				CLANG_WARN_BLOCK_CAPTURE_AUTORELEASING = YES;
				CLANG_WARN_BOOL_CONVERSION = YES;
				CLANG_WARN_COMMA = YES;
				CLANG_WARN_CONSTANT_CONVERSION = YES;
				CLANG_WARN_DEPRECATED_OBJC_IMPLEMENTATIONS = YES;
				CLANG_WARN_DIRECT_OBJC_ISA_USAGE = YES_ERROR;
				CLANG_WARN_DOCUMENTATION_COMMENTS = YES;
				CLANG_WARN_EMPTY_BODY = YES;
				CLANG_WARN_ENUM_CONVERSION = YES;
				CLANG_WARN_INFINITE_RECURSION = YES;
				CLANG_WARN_INT_CONVERSION = YES;
				CLANG_WARN_NON_LITERAL_NULL_CONVERSION = YES;
				CLANG_WARN_OBJC_IMPLICIT_RETAIN_SELF = YES;
				CLANG_WARN_OBJC_LITERAL_CONVERSION = YES;
				CLANG_WARN_OBJC_ROOT_CLASS = YES_ERROR;
				CLANG_WARN_QUOTED_INCLUDE_IN_FRAMEWORK_HEADER = YES;
				CLANG_WARN_RANGE_LOOP_ANALYSIS = YES;
				CLANG_WARN_STRICT_PROTOTYPES = YES;
				CLANG_WARN_SUSPICIOUS_MOVE = YES;
				CLANG_WARN_UNGUARDED_AVAILABILITY = YES_AGGRESSIVE;
				CLANG_WARN_UNREACHABLE_CODE = YES;
				CLANG_WARN__DUPLICATE_METHOD_MATCH = YES;
				COPY_PHASE_STRIP = NO;
				DEBUG_INFORMATION_FORMAT = dwarf;
				ENABLE_STRICT_OBJC_MSGSEND = YES;
				ENABLE_TESTABILITY = YES;
				GCC_C_LANGUAGE_STANDARD = gnu11;
				GCC_DYNAMIC_NO_PIC = NO;
				GCC_NO_COMMON_BLOCKS = YES;
				GCC_OPTIMIZATION_LEVEL = 0;
				GCC_PREPROCESSOR_DEFINITIONS = (
					"DEBUG=1",
					"$(inherited)",
				);
				GCC_WARN_64_TO_32_BIT_CONVERSION = YES;
				GCC_WARN_ABOUT_RETURN_TYPE = YES_ERROR;
				GCC_WARN_UNDECLARED_SELECTOR = YES;
				GCC_WARN_UNINITIALIZED_AUTOS = YES_AGGRESSIVE;
				GCC_WARN_UNUSED_FUNCTION = YES;
				GCC_WARN_UNUSED_VARIABLE = YES;
				IPHONEOS_DEPLOYMENT_TARGET = 14.0;
				MTL_ENABLE_DEBUG_INFO = INCLUDE_SOURCE;
				MTL_FAST_MATH = YES;
				ONLY_ACTIVE_ARCH = YES;
				SDKROOT = iphoneos;
				SWIFT_ACTIVE_COMPILATION_CONDITIONS = DEBUG;
				SWIFT_OPTIMIZATION_LEVEL = "-Onone";
			};
			name = Debug;
		};
		A7AAE4F926137AAB0086CAA1 /* Release */ = {
			isa = XCBuildConfiguration;
			buildSettings = {
				ALWAYS_SEARCH_USER_PATHS = NO;
				CLANG_ANALYZER_NONNULL = YES;
				CLANG_ANALYZER_NUMBER_OBJECT_CONVERSION = YES_AGGRESSIVE;
				CLANG_CXX_LANGUAGE_STANDARD = "gnu++14";
				CLANG_CXX_LIBRARY = "libc++";
				CLANG_ENABLE_MODULES = YES;
				CLANG_ENABLE_OBJC_ARC = YES;
				CLANG_ENABLE_OBJC_WEAK = YES;
				CLANG_WARN_BLOCK_CAPTURE_AUTORELEASING = YES;
				CLANG_WARN_BOOL_CONVERSION = YES;
				CLANG_WARN_COMMA = YES;
				CLANG_WARN_CONSTANT_CONVERSION = YES;
				CLANG_WARN_DEPRECATED_OBJC_IMPLEMENTATIONS = YES;
				CLANG_WARN_DIRECT_OBJC_ISA_USAGE = YES_ERROR;
				CLANG_WARN_DOCUMENTATION_COMMENTS = YES;
				CLANG_WARN_EMPTY_BODY = YES;
				CLANG_WARN_ENUM_CONVERSION = YES;
				CLANG_WARN_INFINITE_RECURSION = YES;
				CLANG_WARN_INT_CONVERSION = YES;
				CLANG_WARN_NON_LITERAL_NULL_CONVERSION = YES;
				CLANG_WARN_OBJC_IMPLICIT_RETAIN_SELF = YES;
				CLANG_WARN_OBJC_LITERAL_CONVERSION = YES;
				CLANG_WARN_OBJC_ROOT_CLASS = YES_ERROR;
				CLANG_WARN_QUOTED_INCLUDE_IN_FRAMEWORK_HEADER = YES;
				CLANG_WARN_RANGE_LOOP_ANALYSIS = YES;
				CLANG_WARN_STRICT_PROTOTYPES = YES;
				CLANG_WARN_SUSPICIOUS_MOVE = YES;
				CLANG_WARN_UNGUARDED_AVAILABILITY = YES_AGGRESSIVE;
				CLANG_WARN_UNREACHABLE_CODE = YES;
				CLANG_WARN__DUPLICATE_METHOD_MATCH = YES;
				COPY_PHASE_STRIP = NO;
				DEBUG_INFORMATION_FORMAT = "dwarf-with-dsym";
				ENABLE_NS_ASSERTIONS = NO;
				ENABLE_STRICT_OBJC_MSGSEND = YES;
				GCC_C_LANGUAGE_STANDARD = gnu11;
				GCC_NO_COMMON_BLOCKS = YES;
				GCC_WARN_64_TO_32_BIT_CONVERSION = YES;
				GCC_WARN_ABOUT_RETURN_TYPE = YES_ERROR;
				GCC_WARN_UNDECLARED_SELECTOR = YES;
				GCC_WARN_UNINITIALIZED_AUTOS = YES_AGGRESSIVE;
				GCC_WARN_UNUSED_FUNCTION = YES;
				GCC_WARN_UNUSED_VARIABLE = YES;
				IPHONEOS_DEPLOYMENT_TARGET = 14.0;
				MTL_ENABLE_DEBUG_INFO = NO;
				MTL_FAST_MATH = YES;
				SDKROOT = iphoneos;
				SWIFT_COMPILATION_MODE = wholemodule;
				SWIFT_OPTIMIZATION_LEVEL = "-O";
				VALIDATE_PRODUCT = YES;
			};
			name = Release;
		};
		A7AAE4FB26137AAB0086CAA1 /* Debug */ = {
			isa = XCBuildConfiguration;
			baseConfigurationReference = 07173EBA80428CFC46E9D659 /* Pods-FBBooking.debug.xcconfig */;
			buildSettings = {
				ASSETCATALOG_COMPILER_APPICON_NAME = AppIcon;
				ASSETCATALOG_COMPILER_GLOBAL_ACCENT_COLOR_NAME = AccentColor;
				CODE_SIGN_STYLE = Automatic;
				INFOPLIST_FILE = FBBooking/Info.plist;
				LD_RUNPATH_SEARCH_PATHS = (
					"$(inherited)",
					"@executable_path/Frameworks",
				);
				PRODUCT_BUNDLE_IDENTIFIER = com.tantt.mobile.applesignin.FBBooking;
				PRODUCT_NAME = "$(TARGET_NAME)";
				SWIFT_VERSION = 5.0;
				TARGETED_DEVICE_FAMILY = "1,2";
			};
			name = Debug;
		};
		A7AAE4FC26137AAB0086CAA1 /* Release */ = {
			isa = XCBuildConfiguration;
			baseConfigurationReference = 9F0170830F38AE820460095D /* Pods-FBBooking.release.xcconfig */;
			buildSettings = {
				ASSETCATALOG_COMPILER_APPICON_NAME = AppIcon;
				ASSETCATALOG_COMPILER_GLOBAL_ACCENT_COLOR_NAME = AccentColor;
				CODE_SIGN_STYLE = Automatic;
				INFOPLIST_FILE = FBBooking/Info.plist;
				LD_RUNPATH_SEARCH_PATHS = (
					"$(inherited)",
					"@executable_path/Frameworks",
				);
				PRODUCT_BUNDLE_IDENTIFIER = com.tantt.mobile.applesignin.FBBooking;
				PRODUCT_NAME = "$(TARGET_NAME)";
				SWIFT_VERSION = 5.0;
				TARGETED_DEVICE_FAMILY = "1,2";
			};
			name = Release;
		};
/* End XCBuildConfiguration section */

/* Begin XCConfigurationList section */
		A7AAE4E126137AA70086CAA1 /* Build configuration list for PBXProject "FBBooking" */ = {
			isa = XCConfigurationList;
			buildConfigurations = (
				A7AAE4F826137AAB0086CAA1 /* Debug */,
				A7AAE4F926137AAB0086CAA1 /* Release */,
			);
			defaultConfigurationIsVisible = 0;
			defaultConfigurationName = Release;
		};
		A7AAE4FA26137AAB0086CAA1 /* Build configuration list for PBXNativeTarget "FBBooking" */ = {
			isa = XCConfigurationList;
			buildConfigurations = (
				A7AAE4FB26137AAB0086CAA1 /* Debug */,
				A7AAE4FC26137AAB0086CAA1 /* Release */,
			);
			defaultConfigurationIsVisible = 0;
			defaultConfigurationName = Release;
		};
/* End XCConfigurationList section */
	};
	rootObject = A7AAE4DE26137AA70086CAA1 /* Project object */;
}
